
Microsoft Visual Studio Solution File, Format Version 12.00
# Visual Studio Version 16
VisualStudioVersion = 16.0.30717.126
MinimumVisualStudioVersion = 10.0.40219.1
Project("{FAE04EC0-301F-11D3-BF4B-00C04F79EFBC}") = "helper_enable_console1", "helper_enable_console1\helper_enable_console1.csproj", "{1C2F7762-F42F-4B1A-88A5-FD273F210425}"
EndProject
Global
	GlobalSection(SolutionConfigurationPlatforms) = preSolution
		Debug|Any CPU = Debug|Any CPU
		Debug|x64 = Debug|x64
		Release|Any CPU = Release|Any CPU
		Release|x64 = Release|x64
	EndGlobalSection
	GlobalSection(ProjectConfigurationPlatforms) = postSolution
		{1C2F7762-F42F-4B1A-88A5-FD273F210425}.Debug|Any CPU.ActiveCfg = Debug|Any CPU
		{1C2F7762-F42F-4B1A-88A5-FD273F210425}.Debug|Any CPU.Build.0 = Debug|Any CPU
		{1C2F7762-F42F-4B1A-88A5-FD273F210425}.Debug|x64.ActiveCfg = Debug|x64
		{1C2F7762-F42F-4B1A-88A5-FD273F210425}.Debug|x64.Build.0 = Debug|x64
		{1C2F7762-F42F-4B1A-88A5-FD273F210425}.Release|Any CPU.ActiveCfg = Release|Any CPU
		{1C2F7762-F42F-4B1A-88A5-FD273F210425}.Release|Any CPU.Build.0 = Release|Any CPU
		{1C2F7762-F42F-4B1A-88A5-FD273F210425}.Release|x64.ActiveCfg = Release|x64
		{1C2F7762-F42F-4B1A-88A5-FD273F210425}.Release|x64.Build.0 = Release|x64
	EndGlobalSection
	GlobalSection(SolutionProperties) = preSolution
		HideSolutionNode = FALSE
	EndGlobalSection
	GlobalSection(ExtensibilityGlobals) = postSolution
		SolutionGuid = {645AF33A-295C-4456-9F19-B9B751C6DBC1}
	EndGlobalSection
EndGlobal
